
Microsoft Visual Studio Solution File, Format Version 12.00
# Visual Studio 15
VisualStudioVersion = 15.0.28010.2050
MinimumVisualStudioVersion = 10.0.40219.1
Project("{FAE04EC0-301F-11D3-BF4B-00C04F79EFBC}") = "APCSPrototype.Server", "APCSPrototype.Server\APCSPrototype.Server.csproj", "{C4871BC1-96C0-47B5-AD53-6CECCFD26A5E}"
EndProject
Project("{888888A0-9F3D-457C-B088-3A5042F75D52}") = "APCSPrototype.Client", "APCSPrototype.Client\APCSPrototype.Client.pyproj", "{FE5D2115-8DA4-4AE6-8D81-40FEA2AC0973}"
EndProject
Global
	GlobalSection(SolutionConfigurationPlatforms) = preSolution
		Debug|Any CPU = Debug|Any CPU
		Release|Any CPU = Release|Any CPU
	EndGlobalSection
	GlobalSection(ProjectConfigurationPlatforms) = postSolution
		{C4871BC1-96C0-47B5-AD53-6CECCFD26A5E}.Debug|Any CPU.ActiveCfg = Debug|Any CPU
		{C4871BC1-96C0-47B5-AD53-6CECCFD26A5E}.Debug|Any CPU.Build.0 = Debug|Any CPU
		{C4871BC1-96C0-47B5-AD53-6CECCFD26A5E}.Release|Any CPU.ActiveCfg = Release|Any CPU
		{C4871BC1-96C0-47B5-AD53-6CECCFD26A5E}.Release|Any CPU.Build.0 = Release|Any CPU
		{FE5D2115-8DA4-4AE6-8D81-40FEA2AC0973}.Debug|Any CPU.ActiveCfg = Debug|Any CPU
		{FE5D2115-8DA4-4AE6-8D81-40FEA2AC0973}.Release|Any CPU.ActiveCfg = Release|Any CPU
	EndGlobalSection
	GlobalSection(SolutionProperties) = preSolution
		HideSolutionNode = FALSE
	EndGlobalSection
	GlobalSection(ExtensibilityGlobals) = postSolution
		SolutionGuid = {69B82C0B-34C8-4F4E-BC45-4768AA434343}
	EndGlobalSection
EndGlobal
